// !$*UTF8*$!
{
	archiveVersion = 1;
	classes = {
	};
	objectVersion = 46;
	objects = {

/* Begin PBXBuildFile section */
		4C3ADE851A6A306A003DD028 /* AddViewController.m in Sources */ = {isa = PBXBuildFile; fileRef = 4C3ADE841A6A306A003DD028 /* AddViewController.m */; };
		4C3DC9991A54F1F40010874B /* main.m in Sources */ = {isa = PBXBuildFile; fileRef = 4C3DC9981A54F1F40010874B /* main.m */; };
		4C3DC99C1A54F1F40010874B /* AppDelegate.m in Sources */ = {isa = PBXBuildFile; fileRef = 4C3DC99B1A54F1F40010874B /* AppDelegate.m */; };
		4C3DC99F1A54F1F40010874B /* ViewController.m in Sources */ = {isa = PBXBuildFile; fileRef = 4C3DC99E1A54F1F40010874B /* ViewController.m */; };
		4C3DC9A21A54F1F40010874B /* Main.storyboard in Resources */ = {isa = PBXBuildFile; fileRef = 4C3DC9A01A54F1F40010874B /* Main.storyboard */; };
		4C3DC9A41A54F1F40010874B /* Images.xcassets in Resources */ = {isa = PBXBuildFile; fileRef = 4C3DC9A31A54F1F40010874B /* Images.xcassets */; };
		4C3DC9A71A54F1F40010874B /* LaunchScreen.xib in Resources */ = {isa = PBXBuildFile; fileRef = 4C3DC9A51A54F1F40010874B /* LaunchScreen.xib */; };
		4C3DC9B31A54F1F50010874B /* PracticeChecklistTests.m in Sources */ = {isa = PBXBuildFile; fileRef = 4C3DC9B21A54F1F50010874B /* PracticeChecklistTests.m */; };
		4C3DC9C11A54F5970010874B /* TaskDetailViewController.m in Sources */ = {isa = PBXBuildFile; fileRef = 4C3DC9C01A54F5970010874B /* TaskDetailViewController.m */; };
		4C3DC9C41A54F5AC0010874B /* EditTaskViewController.m in Sources */ = {isa = PBXBuildFile; fileRef = 4C3DC9C31A54F5AC0010874B /* EditTaskViewController.m */; };
		4CE6D36C1A5F3D5400628B60 /* Task.m in Sources */ = {isa = PBXBuildFile; fileRef = 4CE6D36B1A5F3D5400628B60 /* Task.m */; };
/* End PBXBuildFile section */

/* Begin PBXContainerItemProxy section */
		4C3DC9AD1A54F1F40010874B /* PBXContainerItemProxy */ = {
			isa = PBXContainerItemProxy;
			containerPortal = 4C3DC98B1A54F1F40010874B /* Project object */;
			proxyType = 1;
			remoteGlobalIDString = 4C3DC9921A54F1F40010874B;
			remoteInfo = PracticeChecklist;
		};
/* End PBXContainerItemProxy section */

/* Begin PBXFileReference section */
		4C3ADE831A6A306A003DD028 /* AddViewController.h */ = {isa = PBXFileReference; fileEncoding = 4; lastKnownFileType = sourcecode.c.h; path = AddViewController.h; sourceTree = "<group>"; };
		4C3ADE841A6A306A003DD028 /* AddViewController.m */ = {isa = PBXFileReference; fileEncoding = 4; lastKnownFileType = sourcecode.c.objc; path = AddViewController.m; sourceTree = "<group>"; };
		4C3DC9931A54F1F40010874B /* PracticeChecklist.app */ = {isa = PBXFileReference; explicitFileType = wrapper.application; includeInIndex = 0; path = PracticeChecklist.app; sourceTree = BUILT_PRODUCTS_DIR; };
		4C3DC9971A54F1F40010874B /* Info.plist */ = {isa = PBXFileReference; lastKnownFileType = text.plist.xml; path = Info.plist; sourceTree = "<group>"; };
		4C3DC9981A54F1F40010874B /* main.m */ = {isa = PBXFileReference; lastKnownFileType = sourcecode.c.objc; path = main.m; sourceTree = "<group>"; };
		4C3DC99A1A54F1F40010874B /* AppDelegate.h */ = {isa = PBXFileReference; lastKnownFileType = sourcecode.c.h; path = AppDelegate.h; sourceTree = "<group>"; };
		4C3DC99B1A54F1F40010874B /* AppDelegate.m */ = {isa = PBXFileReference; lastKnownFileType = sourcecode.c.objc; path = AppDelegate.m; sourceTree = "<group>"; };
		4C3DC99D1A54F1F40010874B /* ViewController.h */ = {isa = PBXFileReference; lastKnownFileType = sourcecode.c.h; path = ViewController.h; sourceTree = "<group>"; };
		4C3DC99E1A54F1F40010874B /* ViewController.m */ = {isa = PBXFileReference; lastKnownFileType = sourcecode.c.objc; path = ViewController.m; sourceTree = "<group>"; };
		4C3DC9A11A54F1F40010874B /* Base */ = {isa = PBXFileReference; lastKnownFileType = file.storyboard; name = Base; path = Base.lproj/Main.storyboard; sourceTree = "<group>"; };
		4C3DC9A31A54F1F40010874B /* Images.xcassets */ = {isa = PBXFileReference; lastKnownFileType = folder.assetcatalog; path = Images.xcassets; sourceTree = "<group>"; };
		4C3DC9A61A54F1F40010874B /* Base */ = {isa = PBXFileReference; lastKnownFileType = file.xib; name = Base; path = Base.lproj/LaunchScreen.xib; sourceTree = "<group>"; };
		4C3DC9AC1A54F1F40010874B /* PracticeChecklistTests.xctest */ = {isa = PBXFileReference; explicitFileType = wrapper.cfbundle; includeInIndex = 0; path = PracticeChecklistTests.xctest; sourceTree = BUILT_PRODUCTS_DIR; };
		4C3DC9B11A54F1F40010874B /* Info.plist */ = {isa = PBXFileReference; lastKnownFileType = text.plist.xml; path = Info.plist; sourceTree = "<group>"; };
		4C3DC9B21A54F1F50010874B /* PracticeChecklistTests.m */ = {isa = PBXFileReference; lastKnownFileType = sourcecode.c.objc; path = PracticeChecklistTests.m; sourceTree = "<group>"; };
		4C3DC9BF1A54F5970010874B /* TaskDetailViewController.h */ = {isa = PBXFileReference; fileEncoding = 4; lastKnownFileType = sourcecode.c.h; path = TaskDetailViewController.h; sourceTree = "<group>"; };
		4C3DC9C01A54F5970010874B /* TaskDetailViewController.m */ = {isa = PBXFileReference; fileEncoding = 4; lastKnownFileType = sourcecode.c.objc; path = TaskDetailViewController.m; sourceTree = "<group>"; };
		4C3DC9C21A54F5AC0010874B /* EditTaskViewController.h */ = {isa = PBXFileReference; fileEncoding = 4; lastKnownFileType = sourcecode.c.h; path = EditTaskViewController.h; sourceTree = "<group>"; };
		4C3DC9C31A54F5AC0010874B /* EditTaskViewController.m */ = {isa = PBXFileReference; fileEncoding = 4; lastKnownFileType = sourcecode.c.objc; path = EditTaskViewController.m; sourceTree = "<group>"; };
		4CE6D3681A5F395F00628B60 /* Checkers.h */ = {isa = PBXFileReference; lastKnownFileType = sourcecode.c.h; path = Checkers.h; sourceTree = "<group>"; };
		4CE6D36A1A5F3D5400628B60 /* Task.h */ = {isa = PBXFileReference; fileEncoding = 4; lastKnownFileType = sourcecode.c.h; path = Task.h; sourceTree = "<group>"; };
		4CE6D36B1A5F3D5400628B60 /* Task.m */ = {isa = PBXFileReference; fileEncoding = 4; lastKnownFileType = sourcecode.c.objc; path = Task.m; sourceTree = "<group>"; };
/* End PBXFileReference section */

/* Begin PBXFrameworksBuildPhase section */
		4C3DC9901A54F1F40010874B /* Frameworks */ = {
			isa = PBXFrameworksBuildPhase;
			buildActionMask = 2147483647;
			files = (
			);
			runOnlyForDeploymentPostprocessing = 0;
		};
		4C3DC9A91A54F1F40010874B /* Frameworks */ = {
			isa = PBXFrameworksBuildPhase;
			buildActionMask = 2147483647;
			files = (
			);
			runOnlyForDeploymentPostprocessing = 0;
		};
/* End PBXFrameworksBuildPhase section */

/* Begin PBXGroup section */
		4C3DC98A1A54F1F40010874B = {
			isa = PBXGroup;
			children = (
				4C3DC9951A54F1F40010874B /* PracticeChecklist */,
				4C3DC9AF1A54F1F40010874B /* PracticeChecklistTests */,
				4C3DC9941A54F1F40010874B /* Products */,
			);
			sourceTree = "<group>";
		};
		4C3DC9941A54F1F40010874B /* Products */ = {
			isa = PBXGroup;
			children = (
				4C3DC9931A54F1F40010874B /* PracticeChecklist.app */,
				4C3DC9AC1A54F1F40010874B /* PracticeChecklistTests.xctest */,
			);
			name = Products;
			sourceTree = "<group>";
		};
		4C3DC9951A54F1F40010874B /* PracticeChecklist */ = {
			isa = PBXGroup;
			children = (
				4C3DC9BF1A54F5970010874B /* TaskDetailViewController.h */,
				4C3DC9C01A54F5970010874B /* TaskDetailViewController.m */,
				4C3DC9C21A54F5AC0010874B /* EditTaskViewController.h */,
				4C3DC9C31A54F5AC0010874B /* EditTaskViewController.m */,
				4C3ADE831A6A306A003DD028 /* AddViewController.h */,
				4C3ADE841A6A306A003DD028 /* AddViewController.m */,
				4C3DC99A1A54F1F40010874B /* AppDelegate.h */,
				4C3DC99B1A54F1F40010874B /* AppDelegate.m */,
				4C3DC99D1A54F1F40010874B /* ViewController.h */,
				4C3DC99E1A54F1F40010874B /* ViewController.m */,
				4C3DC9A01A54F1F40010874B /* Main.storyboard */,
				4CE6D3681A5F395F00628B60 /* Checkers.h */,
				4CE6D3691A5F3D3400628B60 /* Models */,
				4C3DC9A31A54F1F40010874B /* Images.xcassets */,
				4C3DC9A51A54F1F40010874B /* LaunchScreen.xib */,
				4C3DC9961A54F1F40010874B /* Supporting Files */,
			);
			path = PracticeChecklist;
			sourceTree = "<group>";
		};
		4C3DC9961A54F1F40010874B /* Supporting Files */ = {
			isa = PBXGroup;
			children = (
				4C3DC9971A54F1F40010874B /* Info.plist */,
				4C3DC9981A54F1F40010874B /* main.m */,
			);
			name = "Supporting Files";
			sourceTree = "<group>";
		};
		4C3DC9AF1A54F1F40010874B /* PracticeChecklistTests */ = {
			isa = PBXGroup;
			children = (
				4C3DC9B21A54F1F50010874B /* PracticeChecklistTests.m */,
				4C3DC9B01A54F1F40010874B /* Supporting Files */,
			);
			path = PracticeChecklistTests;
			sourceTree = "<group>";
		};
		4C3DC9B01A54F1F40010874B /* Supporting Files */ = {
			isa = PBXGroup;
			children = (
				4C3DC9B11A54F1F40010874B /* Info.plist */,
			);
			name = "Supporting Files";
			sourceTree = "<group>";
		};
		4CE6D3691A5F3D3400628B60 /* Models */ = {
			isa = PBXGroup;
			children = (
				4CE6D36A1A5F3D5400628B60 /* Task.h */,
				4CE6D36B1A5F3D5400628B60 /* Task.m */,
			);
			name = Models;
			sourceTree = "<group>";
		};
/* End PBXGroup section */

/* Begin PBXNativeTarget section */
		4C3DC9921A54F1F40010874B /* PracticeChecklist */ = {
			isa = PBXNativeTarget;
			buildConfigurationList = 4C3DC9B61A54F1F50010874B /* Build configuration list for PBXNativeTarget "PracticeChecklist" */;
			buildPhases = (
				4C3DC98F1A54F1F40010874B /* Sources */,
				4C3DC9901A54F1F40010874B /* Frameworks */,
				4C3DC9911A54F1F40010874B /* Resources */,
			);
			buildRules = (
			);
			dependencies = (
			);
			name = PracticeChecklist;
			productName = PracticeChecklist;
			productReference = 4C3DC9931A54F1F40010874B /* PracticeChecklist.app */;
			productType = "com.apple.product-type.application";
		};
		4C3DC9AB1A54F1F40010874B /* PracticeChecklistTests */ = {
			isa = PBXNativeTarget;
			buildConfigurationList = 4C3DC9B91A54F1F50010874B /* Build configuration list for PBXNativeTarget "PracticeChecklistTests" */;
			buildPhases = (
				4C3DC9A81A54F1F40010874B /* Sources */,
				4C3DC9A91A54F1F40010874B /* Frameworks */,
				4C3DC9AA1A54F1F40010874B /* Resources */,
			);
			buildRules = (
			);
			dependencies = (
				4C3DC9AE1A54F1F40010874B /* PBXTargetDependency */,
			);
			name = PracticeChecklistTests;
			productName = PracticeChecklistTests;
			productReference = 4C3DC9AC1A54F1F40010874B /* PracticeChecklistTests.xctest */;
			productType = "com.apple.product-type.bundle.unit-test";
		};
/* End PBXNativeTarget section */

/* Begin PBXProject section */
		4C3DC98B1A54F1F40010874B /* Project object */ = {
			isa = PBXProject;
			attributes = {
				LastUpgradeCheck = 0610;
				ORGANIZATIONNAME = Royels;
				TargetAttributes = {
					4C3DC9921A54F1F40010874B = {
						CreatedOnToolsVersion = 6.1.1;
					};
					4C3DC9AB1A54F1F40010874B = {
						CreatedOnToolsVersion = 6.1.1;
						TestTargetID = 4C3DC9921A54F1F40010874B;
					};
				};
			};
			buildConfigurationList = 4C3DC98E1A54F1F40010874B /* Build configuration list for PBXProject "PracticeChecklist" */;
			compatibilityVersion = "Xcode 3.2";
			developmentRegion = English;
			hasScannedForEncodings = 0;
			knownRegions = (
				en,
				Base,
			);
			mainGroup = 4C3DC98A1A54F1F40010874B;
			productRefGroup = 4C3DC9941A54F1F40010874B /* Products */;
			projectDirPath = "";
			projectRoot = "";
			targets = (
				4C3DC9921A54F1F40010874B /* PracticeChecklist */,
				4C3DC9AB1A54F1F40010874B /* PracticeChecklistTests */,
			);
		};
/* End PBXProject section */

/* Begin PBXResourcesBuildPhase section */
		4C3DC9911A54F1F40010874B /* Resources */ = {
			isa = PBXResourcesBuildPhase;
			buildActionMask = 2147483647;
			files = (
				4C3DC9A21A54F1F40010874B /* Main.storyboard in Resources */,
				4C3DC9A71A54F1F40010874B /* LaunchScreen.xib in Resources */,
				4C3DC9A41A54F1F40010874B /* Images.xcassets in Resources */,
			);
			runOnlyForDeploymentPostprocessing = 0;
		};
		4C3DC9AA1A54F1F40010874B /* Resources */ = {
			isa = PBXResourcesBuildPhase;
			buildActionMask = 2147483647;
			files = (
			);
			runOnlyForDeploymentPostprocessing = 0;
		};
/* End PBXResourcesBuildPhase section */

/* Begin PBXSourcesBuildPhase section */
		4C3DC98F1A54F1F40010874B /* Sources */ = {
			isa = PBXSourcesBuildPhase;
			buildActionMask = 2147483647;
			files = (
				4CE6D36C1A5F3D5400628B60 /* Task.m in Sources */,
				4C3DC99F1A54F1F40010874B /* ViewController.m in Sources */,
				4C3DC99C1A54F1F40010874B /* AppDelegate.m in Sources */,
				4C3DC9C41A54F5AC0010874B /* EditTaskViewController.m in Sources */,
				4C3DC9C11A54F5970010874B /* TaskDetailViewController.m in Sources */,
				4C3ADE851A6A306A003DD028 /* AddViewController.m in Sources */,
				4C3DC9991A54F1F40010874B /* main.m in Sources */,
			);
			runOnlyForDeploymentPostprocessing = 0;
		};
		4C3DC9A81A54F1F40010874B /* Sources */ = {
			isa = PBXSourcesBuildPhase;
			buildActionMask = 2147483647;
			files = (
				4C3DC9B31A54F1F50010874B /* PracticeChecklistTests.m in Sources */,
			);
			runOnlyForDeploymentPostprocessing = 0;
		};
/* End PBXSourcesBuildPhase section */

/* Begin PBXTargetDependency section */
		4C3DC9AE1A54F1F40010874B /* PBXTargetDependency */ = {
			isa = PBXTargetDependency;
			target = 4C3DC9921A54F1F40010874B /* PracticeChecklist */;
			targetProxy = 4C3DC9AD1A54F1F40010874B /* PBXContainerItemProxy */;
		};
/* End PBXTargetDependency section */

/* Begin PBXVariantGroup section */
		4C3DC9A01A54F1F40010874B /* Main.storyboard */ = {
			isa = PBXVariantGroup;
			children = (
				4C3DC9A11A54F1F40010874B /* Base */,
			);
			name = Main.storyboard;
			sourceTree = "<group>";
		};
		4C3DC9A51A54F1F40010874B /* LaunchScreen.xib */ = {
			isa = PBXVariantGroup;
			children = (
				4C3DC9A61A54F1F40010874B /* Base */,
			);
			name = LaunchScreen.xib;
			sourceTree = "<group>";
		};
/* End PBXVariantGroup section */

/* Begin XCBuildConfiguration section */
		4C3DC9B41A54F1F50010874B /* Debug */ = {
			isa = XCBuildConfiguration;
			buildSettings = {
				ALWAYS_SEARCH_USER_PATHS = NO;
				CLANG_CXX_LANGUAGE_STANDARD = "gnu++0x";
				CLANG_CXX_LIBRARY = "libc++";
				CLANG_ENABLE_MODULES = YES;
				CLANG_ENABLE_OBJC_ARC = YES;
				CLANG_WARN_BOOL_CONVERSION = YES;
				CLANG_WARN_CONSTANT_CONVERSION = YES;
				CLANG_WARN_DIRECT_OBJC_ISA_USAGE = YES_ERROR;
				CLANG_WARN_EMPTY_BODY = YES;
				CLANG_WARN_ENUM_CONVERSION = YES;
				CLANG_WARN_INT_CONVERSION = YES;
				CLANG_WARN_OBJC_ROOT_CLASS = YES_ERROR;
				CLANG_WARN_UNREACHABLE_CODE = YES;
				CLANG_WARN__DUPLICATE_METHOD_MATCH = YES;
				"CODE_SIGN_IDENTITY[sdk=iphoneos*]" = "iPhone Developer";
				COPY_PHASE_STRIP = NO;
				ENABLE_STRICT_OBJC_MSGSEND = YES;
				GCC_C_LANGUAGE_STANDARD = gnu99;
				GCC_DYNAMIC_NO_PIC = NO;
				GCC_OPTIMIZATION_LEVEL = 0;
				GCC_PREPROCESSOR_DEFINITIONS = (
					"DEBUG=1",
					"$(inherited)",
				);
				GCC_SYMBOLS_PRIVATE_EXTERN = NO;
				GCC_WARN_64_TO_32_BIT_CONVERSION = YES;
				GCC_WARN_ABOUT_RETURN_TYPE = YES_ERROR;
				GCC_WARN_UNDECLARED_SELECTOR = YES;
				GCC_WARN_UNINITIALIZED_AUTOS = YES_AGGRESSIVE;
				GCC_WARN_UNUSED_FUNCTION = YES;
				GCC_WARN_UNUSED_VARIABLE = YES;
				IPHONEOS_DEPLOYMENT_TARGET = 8.1;
				MTL_ENABLE_DEBUG_INFO = YES;
				ONLY_ACTIVE_ARCH = YES;
				SDKROOT = iphoneos;
			};
			name = Debug;
		};
		4C3DC9B51A54F1F50010874B /* Release */ = {
			isa = XCBuildConfiguration;
			buildSettings = {
				ALWAYS_SEARCH_USER_PATHS = NO;
				CLANG_CXX_LANGUAGE_STANDARD = "gnu++0x";
				CLANG_CXX_LIBRARY = "libc++";
				CLANG_ENABLE_MODULES = YES;
				CLANG_ENABLE_OBJC_ARC = YES;
				CLANG_WARN_BOOL_CONVERSION = YES;
				CLANG_WARN_CONSTANT_CONVERSION = YES;
				CLANG_WARN_DIRECT_OBJC_ISA_USAGE = YES_ERROR;
				CLANG_WARN_EMPTY_BODY = YES;
				CLANG_WARN_ENUM_CONVERSION = YES;
				CLANG_WARN_INT_CONVERSION = YES;
				CLANG_WARN_OBJC_ROOT_CLASS = YES_ERROR;
				CLANG_WARN_UNREACHABLE_CODE = YES;
				CLANG_WARN__DUPLICATE_METHOD_MATCH = YES;
				"CODE_SIGN_IDENTITY[sdk=iphoneos*]" = "iPhone Developer";
				COPY_PHASE_STRIP = YES;
				ENABLE_NS_ASSERTIONS = NO;
				ENABLE_STRICT_OBJC_MSGSEND = YES;
				GCC_C_LANGUAGE_STANDARD = gnu99;
				GCC_WARN_64_TO_32_BIT_CONVERSION = YES;
				GCC_WARN_ABOUT_RETURN_TYPE = YES_ERROR;
				GCC_WARN_UNDECLARED_SELECTOR = YES;
				GCC_WARN_UNINITIALIZED_AUTOS = YES_AGGRESSIVE;
				GCC_WARN_UNUSED_FUNCTION = YES;
				GCC_WARN_UNUSED_VARIABLE = YES;
				IPHONEOS_DEPLOYMENT_TARGET = 8.1;
				MTL_ENABLE_DEBUG_INFO = NO;
				SDKROOT = iphoneos;
				VALIDATE_PRODUCT = YES;
			};
			name = Release;
		};
		4C3DC9B71A54F1F50010874B /* Debug */ = {
			isa = XCBuildConfiguration;
			buildSettings = {
				ASSETCATALOG_COMPILER_APPICON_NAME = AppIcon;
				INFOPLIST_FILE = PracticeChecklist/Info.plist;
				IPHONEOS_DEPLOYMENT_TARGET = 8.1;
				LD_RUNPATH_SEARCH_PATHS = "$(inherited) @executable_path/Frameworks";
				PRODUCT_NAME = "$(TARGET_NAME)";
				TARGETED_DEVICE_FAMILY = 1;
			};
			name = Debug;
		};
		4C3DC9B81A54F1F50010874B /* Release */ = {
			isa = XCBuildConfiguration;
			buildSettings = {
				ASSETCATALOG_COMPILER_APPICON_NAME = AppIcon;
				INFOPLIST_FILE = PracticeChecklist/Info.plist;
				IPHONEOS_DEPLOYMENT_TARGET = 8.1;
				LD_RUNPATH_SEARCH_PATHS = "$(inherited) @executable_path/Frameworks";
				PRODUCT_NAME = "$(TARGET_NAME)";
				TARGETED_DEVICE_FAMILY = 1;
			};
			name = Release;
		};
		4C3DC9BA1A54F1F50010874B /* Debug */ = {
			isa = XCBuildConfiguration;
			buildSettings = {
				BUNDLE_LOADER = "$(TEST_HOST)";
				FRAMEWORK_SEARCH_PATHS = (
					"$(SDKROOT)/Developer/Library/Frameworks",
					"$(inherited)",
				);
				GCC_PREPROCESSOR_DEFINITIONS = (
					"DEBUG=1",
					"$(inherited)",
				);
				INFOPLIST_FILE = PracticeChecklistTests/Info.plist;
				LD_RUNPATH_SEARCH_PATHS = "$(inherited) @executable_path/Frameworks @loader_path/Frameworks";
				PRODUCT_NAME = "$(TARGET_NAME)";
				TEST_HOST = "$(BUILT_PRODUCTS_DIR)/PracticeChecklist.app/PracticeChecklist";
			};
			name = Debug;
		};
		4C3DC9BB1A54F1F50010874B /* Release */ = {
			isa = XCBuildConfiguration;
			buildSettings = {
				BUNDLE_LOADER = "$(TEST_HOST)";
				FRAMEWORK_SEARCH_PATHS = (
					"$(SDKROOT)/Developer/Library/Frameworks",
					"$(inherited)",
				);
				INFOPLIST_FILE = PracticeChecklistTests/Info.plist;
				LD_RUNPATH_SEARCH_PATHS = "$(inherited) @executable_path/Frameworks @loader_path/Frameworks";
				PRODUCT_NAME = "$(TARGET_NAME)";
				TEST_HOST = "$(BUILT_PRODUCTS_DIR)/PracticeChecklist.app/PracticeChecklist";
			};
			name = Release;
		};
/* End XCBuildConfiguration section */

/* Begin XCConfigurationList section */
		4C3DC98E1A54F1F40010874B /* Build configuration list for PBXProject "PracticeChecklist" */ = {
			isa = XCConfigurationList;
			buildConfigurations = (
				4C3DC9B41A54F1F50010874B /* Debug */,
				4C3DC9B51A54F1F50010874B /* Release */,
			);
			defaultConfigurationIsVisible = 0;
			defaultConfigurationName = Release;
		};
		4C3DC9B61A54F1F50010874B /* Build configuration list for PBXNativeTarget "PracticeChecklist" */ = {
			isa = XCConfigurationList;
			buildConfigurations = (
				4C3DC9B71A54F1F50010874B /* Debug */,
				4C3DC9B81A54F1F50010874B /* Release */,
			);
			defaultConfigurationIsVisible = 0;
			defaultConfigurationName = Release;
		};
		4C3DC9B91A54F1F50010874B /* Build configuration list for PBXNativeTarget "PracticeChecklistTests" */ = {
			isa = XCConfigurationList;
			buildConfigurations = (
				4C3DC9BA1A54F1F50010874B /* Debug */,
				4C3DC9BB1A54F1F50010874B /* Release */,
			);
			defaultConfigurationIsVisible = 0;
			defaultConfigurationName = Release;
		};
/* End XCConfigurationList section */
	};
	rootObject = 4C3DC98B1A54F1F40010874B /* Project object */;
}
